
Microsoft Visual Studio Solution File, Format Version 12.00
# Visual Studio Version 17
VisualStudioVersion = 17.10.35027.167
MinimumVisualStudioVersion = 10.0.40219.1
Project("{FAE04EC0-301F-11D3-BF4B-00C04F79EFBC}") = "PratikWhileOrnekleri", "PratikWhileOrnekleri\PratikWhileOrnekleri.csproj", "{4F7F7EC3-D98E-436D-847C-FA2423EA9EBB}"
EndProject
Global
	GlobalSection(SolutionConfigurationPlatforms) = preSolution
		Debug|Any CPU = Debug|Any CPU
		Release|Any CPU = Release|Any CPU
	EndGlobalSection
	GlobalSection(ProjectConfigurationPlatforms) = postSolution
		{4F7F7EC3-D98E-436D-847C-FA2423EA9EBB}.Debug|Any CPU.ActiveCfg = Debug|Any CPU
		{4F7F7EC3-D98E-436D-847C-FA2423EA9EBB}.Debug|Any CPU.Build.0 = Debug|Any CPU
		{4F7F7EC3-D98E-436D-847C-FA2423EA9EBB}.Release|Any CPU.ActiveCfg = Release|Any CPU
		{4F7F7EC3-D98E-436D-847C-FA2423EA9EBB}.Release|Any CPU.Build.0 = Release|Any CPU
	EndGlobalSection
	GlobalSection(SolutionProperties) = preSolution
		HideSolutionNode = FALSE
	EndGlobalSection
	GlobalSection(ExtensibilityGlobals) = postSolution
		SolutionGuid = {7DB348D9-3EA7-4506-81C2-CD8E6687D808}
	EndGlobalSection
EndGlobal
